
Microsoft Visual Studio Solution File, Format Version 12.00
# Visual Studio Version 17
VisualStudioVersion = 17.4.33213.308
MinimumVisualStudioVersion = 10.0.40219.1
Project("{FAE04EC0-301F-11D3-BF4B-00C04F79EFBC}") = "AppExercicios06", "AppExercicios06.csproj", "{5D6B2D3C-45EC-4FFD-9F88-AD82BC9B8506}"
EndProject
Global
	GlobalSection(SolutionConfigurationPlatforms) = preSolution
		Debug|Any CPU = Debug|Any CPU
		Release|Any CPU = Release|Any CPU
	EndGlobalSection
	GlobalSection(ProjectConfigurationPlatforms) = postSolution
		{5D6B2D3C-45EC-4FFD-9F88-AD82BC9B8506}.Debug|Any CPU.ActiveCfg = Debug|Any CPU
		{5D6B2D3C-45EC-4FFD-9F88-AD82BC9B8506}.Debug|Any CPU.Build.0 = Debug|Any CPU
		{5D6B2D3C-45EC-4FFD-9F88-AD82BC9B8506}.Release|Any CPU.ActiveCfg = Release|Any CPU
		{5D6B2D3C-45EC-4FFD-9F88-AD82BC9B8506}.Release|Any CPU.Build.0 = Release|Any CPU
	EndGlobalSection
	GlobalSection(SolutionProperties) = preSolution
		HideSolutionNode = FALSE
	EndGlobalSection
	GlobalSection(ExtensibilityGlobals) = postSolution
		SolutionGuid = {33A9C21D-4E55-47C4-BB18-F73519D2986F}
	EndGlobalSection
EndGlobal
